
Microsoft Visual Studio Solution File, Format Version 12.00
Project("{FAE04EC0-301F-11D3-BF4B-00C04F79EFBC}") = "Lunacub", "Lunacub\Lunacub.csproj", "{9C90FA39-14F5-4E5F-B86E-2437F6B7F659}"
EndProject
Project("{FAE04EC0-301F-11D3-BF4B-00C04F79EFBC}") = "Lunacub.Building", "Lunacub.Building\Lunacub.Building.csproj", "{A190FA02-C0D8-4029-9B2C-90C3936C7E3F}"
EndProject
Project("{FAE04EC0-301F-11D3-BF4B-00C04F79EFBC}") = "Lunacub.Importing", "Lunacub.Importing\Lunacub.Importing.csproj", "{490C00A0-E338-427F-A008-AF2A0D743FBE}"
EndProject
Project("{FAE04EC0-301F-11D3-BF4B-00C04F79EFBC}") = "Lunacub.Tests", "tests\Lunacub.Tests\Lunacub.Tests.csproj", "{81C71CDC-EE42-4AFB-8DDE-51596FFF6172}"
EndProject
Project("{FAE04EC0-301F-11D3-BF4B-00C04F79EFBC}") = "Lunacub.Tests.Building", "tests\Lunacub.Tests.Building\Lunacub.Tests.Building.csproj", "{A96D32FB-2040-4367-8861-865FBC30CB02}"
EndProject
Project("{FAE04EC0-301F-11D3-BF4B-00C04F79EFBC}") = "Lunacub.Tests.Common", "tests\Lunacub.Tests.Common\Lunacub.Tests.Common.csproj", "{C5923FD5-09C6-4526-8EAE-93F82ACA5287}"
EndProject
Project("{FAE04EC0-301F-11D3-BF4B-00C04F79EFBC}") = "Lunacub.Tests.Importing", "tests\Lunacub.Tests.Importing\Lunacub.Tests.Importing.csproj", "{4A8AAA95-A304-4847-9C78-D9B5BF13127B}"
EndProject
Project("{2150E333-8FDC-42A3-9474-1A3956D46DE8}") = "examples", "examples", "{BD303699-F202-42F4-B61F-8D17F82567F4}"
EndProject
Project("{FAE04EC0-301F-11D3-BF4B-00C04F79EFBC}") = "SimpleImporting", "examples\SimpleImporting\SimpleImporting.csproj", "{D250027C-8D8F-4DE5-A961-E6AFEE52DFDD}"
EndProject
Project("{FAE04EC0-301F-11D3-BF4B-00C04F79EFBC}") = "ReferenceImporting", "examples\ReferenceImporting\ReferenceImporting.csproj", "{B80B8216-3AF7-42D8-BFEB-68E5ED35C09A}"
EndProject
Project("{2150E333-8FDC-42A3-9474-1A3956D46DE8}") = "experiments", "experiments", "{68841973-385E-473A-9FF0-07316A72BFF6}"
EndProject
Project("{FAE04EC0-301F-11D3-BF4B-00C04F79EFBC}") = "DependencyImporting", "examples\DependencyImporting\DependencyImporting.csproj", "{4B05A58A-F336-43BE-A145-2CC88F92AF82}"
EndProject
Global
	GlobalSection(SolutionConfigurationPlatforms) = preSolution
		Debug|Any CPU = Debug|Any CPU
		Release|Any CPU = Release|Any CPU
	EndGlobalSection
	GlobalSection(ProjectConfigurationPlatforms) = postSolution
		{9C90FA39-14F5-4E5F-B86E-2437F6B7F659}.Debug|Any CPU.ActiveCfg = Debug|Any CPU
		{9C90FA39-14F5-4E5F-B86E-2437F6B7F659}.Debug|Any CPU.Build.0 = Debug|Any CPU
		{9C90FA39-14F5-4E5F-B86E-2437F6B7F659}.Release|Any CPU.ActiveCfg = Release|Any CPU
		{9C90FA39-14F5-4E5F-B86E-2437F6B7F659}.Release|Any CPU.Build.0 = Release|Any CPU
		{A190FA02-C0D8-4029-9B2C-90C3936C7E3F}.Debug|Any CPU.ActiveCfg = Debug|Any CPU
		{A190FA02-C0D8-4029-9B2C-90C3936C7E3F}.Debug|Any CPU.Build.0 = Debug|Any CPU
		{A190FA02-C0D8-4029-9B2C-90C3936C7E3F}.Release|Any CPU.ActiveCfg = Release|Any CPU
		{A190FA02-C0D8-4029-9B2C-90C3936C7E3F}.Release|Any CPU.Build.0 = Release|Any CPU
		{490C00A0-E338-427F-A008-AF2A0D743FBE}.Debug|Any CPU.ActiveCfg = Debug|Any CPU
		{490C00A0-E338-427F-A008-AF2A0D743FBE}.Debug|Any CPU.Build.0 = Debug|Any CPU
		{490C00A0-E338-427F-A008-AF2A0D743FBE}.Release|Any CPU.ActiveCfg = Release|Any CPU
		{490C00A0-E338-427F-A008-AF2A0D743FBE}.Release|Any CPU.Build.0 = Release|Any CPU
		{81C71CDC-EE42-4AFB-8DDE-51596FFF6172}.Debug|Any CPU.ActiveCfg = Debug|Any CPU
		{81C71CDC-EE42-4AFB-8DDE-51596FFF6172}.Debug|Any CPU.Build.0 = Debug|Any CPU
		{81C71CDC-EE42-4AFB-8DDE-51596FFF6172}.Release|Any CPU.ActiveCfg = Release|Any CPU
		{81C71CDC-EE42-4AFB-8DDE-51596FFF6172}.Release|Any CPU.Build.0 = Release|Any CPU
		{A96D32FB-2040-4367-8861-865FBC30CB02}.Debug|Any CPU.ActiveCfg = Debug|Any CPU
		{A96D32FB-2040-4367-8861-865FBC30CB02}.Debug|Any CPU.Build.0 = Debug|Any CPU
		{A96D32FB-2040-4367-8861-865FBC30CB02}.Release|Any CPU.ActiveCfg = Release|Any CPU
		{A96D32FB-2040-4367-8861-865FBC30CB02}.Release|Any CPU.Build.0 = Release|Any CPU
		{C5923FD5-09C6-4526-8EAE-93F82ACA5287}.Debug|Any CPU.ActiveCfg = Debug|Any CPU
		{C5923FD5-09C6-4526-8EAE-93F82ACA5287}.Debug|Any CPU.Build.0 = Debug|Any CPU
		{C5923FD5-09C6-4526-8EAE-93F82ACA5287}.Release|Any CPU.ActiveCfg = Release|Any CPU
		{C5923FD5-09C6-4526-8EAE-93F82ACA5287}.Release|Any CPU.Build.0 = Release|Any CPU
		{4A8AAA95-A304-4847-9C78-D9B5BF13127B}.Debug|Any CPU.ActiveCfg = Debug|Any CPU
		{4A8AAA95-A304-4847-9C78-D9B5BF13127B}.Debug|Any CPU.Build.0 = Debug|Any CPU
		{4A8AAA95-A304-4847-9C78-D9B5BF13127B}.Release|Any CPU.ActiveCfg = Release|Any CPU
		{4A8AAA95-A304-4847-9C78-D9B5BF13127B}.Release|Any CPU.Build.0 = Release|Any CPU
		{D250027C-8D8F-4DE5-A961-E6AFEE52DFDD}.Debug|Any CPU.ActiveCfg = Debug|Any CPU
		{D250027C-8D8F-4DE5-A961-E6AFEE52DFDD}.Debug|Any CPU.Build.0 = Debug|Any CPU
		{D250027C-8D8F-4DE5-A961-E6AFEE52DFDD}.Release|Any CPU.ActiveCfg = Release|Any CPU
		{D250027C-8D8F-4DE5-A961-E6AFEE52DFDD}.Release|Any CPU.Build.0 = Release|Any CPU
		{B80B8216-3AF7-42D8-BFEB-68E5ED35C09A}.Debug|Any CPU.ActiveCfg = Debug|Any CPU
		{B80B8216-3AF7-42D8-BFEB-68E5ED35C09A}.Debug|Any CPU.Build.0 = Debug|Any CPU
		{B80B8216-3AF7-42D8-BFEB-68E5ED35C09A}.Release|Any CPU.ActiveCfg = Release|Any CPU
		{B80B8216-3AF7-42D8-BFEB-68E5ED35C09A}.Release|Any CPU.Build.0 = Release|Any CPU
		{4B05A58A-F336-43BE-A145-2CC88F92AF82}.Debug|Any CPU.ActiveCfg = Debug|Any CPU
		{4B05A58A-F336-43BE-A145-2CC88F92AF82}.Debug|Any CPU.Build.0 = Debug|Any CPU
		{4B05A58A-F336-43BE-A145-2CC88F92AF82}.Release|Any CPU.ActiveCfg = Release|Any CPU
		{4B05A58A-F336-43BE-A145-2CC88F92AF82}.Release|Any CPU.Build.0 = Release|Any CPU
	EndGlobalSection
	GlobalSection(NestedProjects) = preSolution
		{D250027C-8D8F-4DE5-A961-E6AFEE52DFDD} = {BD303699-F202-42F4-B61F-8D17F82567F4}
		{B80B8216-3AF7-42D8-BFEB-68E5ED35C09A} = {BD303699-F202-42F4-B61F-8D17F82567F4}
		{4B05A58A-F336-43BE-A145-2CC88F92AF82} = {BD303699-F202-42F4-B61F-8D17F82567F4}
	EndGlobalSection
EndGlobal
