
Microsoft Visual Studio Solution File, Format Version 12.00
Project("{FAE04EC0-301F-11D3-BF4B-00C04F79EFBC}") = "Lunacub.Tests", "tests\Lunacub.Tests\Lunacub.Tests.csproj", "{81C71CDC-EE42-4AFB-8DDE-51596FFF6172}"
EndProject
Project("{FAE04EC0-301F-11D3-BF4B-00C04F79EFBC}") = "Lunacub.Tests.Building", "tests\Lunacub.Tests.Building\Lunacub.Tests.Building.csproj", "{A96D32FB-2040-4367-8861-865FBC30CB02}"
EndProject
Project("{FAE04EC0-301F-11D3-BF4B-00C04F79EFBC}") = "Lunacub.Tests.Common", "tests\Lunacub.Tests.Common\Lunacub.Tests.Common.csproj", "{C5923FD5-09C6-4526-8EAE-93F82ACA5287}"
EndProject
Project("{FAE04EC0-301F-11D3-BF4B-00C04F79EFBC}") = "Lunacub.Tests.Importing", "tests\Lunacub.Tests.Importing\Lunacub.Tests.Importing.csproj", "{4A8AAA95-A304-4847-9C78-D9B5BF13127B}"
EndProject
Project("{2150E333-8FDC-42A3-9474-1A3956D46DE8}") = "examples", "examples", "{BD303699-F202-42F4-B61F-8D17F82567F4}"
EndProject
Project("{FAE04EC0-301F-11D3-BF4B-00C04F79EFBC}") = "SimpleResources", "examples\SimpleResources\SimpleResources.csproj", "{D250027C-8D8F-4DE5-A961-E6AFEE52DFDD}"
EndProject
Project("{2150E333-8FDC-42A3-9474-1A3956D46DE8}") = "experiments", "experiments", "{68841973-385E-473A-9FF0-07316A72BFF6}"
EndProject
Project("{FAE04EC0-301F-11D3-BF4B-00C04F79EFBC}") = "DependencyImporting", "examples\DependencyImporting\DependencyImporting.csproj", "{4B05A58A-F336-43BE-A145-2CC88F92AF82}"
EndProject
Project("{2150E333-8FDC-42A3-9474-1A3956D46DE8}") = "concepts", "concepts", "{B532E27C-F78F-417A-9247-AF5B5D0E409C}"
EndProject
Project("{2150E333-8FDC-42A3-9474-1A3956D46DE8}") = "applications", "applications", "{F109B4A5-3CCF-4217-ABAE-C85DC9437B9A}"
EndProject
Project("{FAE04EC0-301F-11D3-BF4B-00C04F79EFBC}") = "ProceduralResources", "examples\ProceduralResources\ProceduralResources.csproj", "{13642D7B-E273-4A86-8FBE-4F8292292FA3}"
EndProject
Project("{FAE04EC0-301F-11D3-BF4B-00C04F79EFBC}") = "Lunacub.Building.SourceGenerator", "tools\Lunacub.Building.SourceGenerator\Lunacub.Building.SourceGenerator.csproj", "{F8FA9164-4CD1-4C09-B04C-88BC3938A46B}"
EndProject
Project("{FAE04EC0-301F-11D3-BF4B-00C04F79EFBC}") = "Lunacub", "sources\Lunacub\Lunacub.csproj", "{8CE0A334-EB7D-40FC-871E-44F46B9FE9AF}"
EndProject
Project("{FAE04EC0-301F-11D3-BF4B-00C04F79EFBC}") = "Lunacub.Building", "sources\Lunacub.Building\Lunacub.Building.csproj", "{CB41CE66-9686-429A-9E9F-1552DD2A0DEA}"
EndProject
Project("{FAE04EC0-301F-11D3-BF4B-00C04F79EFBC}") = "Lunacub.Importing", "sources\Lunacub.Importing\Lunacub.Importing.csproj", "{EF4718EE-669B-4104-8DD1-6EDDFC80BFC6}"
EndProject
Global
	GlobalSection(SolutionConfigurationPlatforms) = preSolution
		Debug|Any CPU = Debug|Any CPU
		Release|Any CPU = Release|Any CPU
	EndGlobalSection
	GlobalSection(ProjectConfigurationPlatforms) = postSolution
		{81C71CDC-EE42-4AFB-8DDE-51596FFF6172}.Debug|Any CPU.ActiveCfg = Debug|Any CPU
		{81C71CDC-EE42-4AFB-8DDE-51596FFF6172}.Debug|Any CPU.Build.0 = Debug|Any CPU
		{81C71CDC-EE42-4AFB-8DDE-51596FFF6172}.Release|Any CPU.ActiveCfg = Release|Any CPU
		{81C71CDC-EE42-4AFB-8DDE-51596FFF6172}.Release|Any CPU.Build.0 = Release|Any CPU
		{A96D32FB-2040-4367-8861-865FBC30CB02}.Debug|Any CPU.ActiveCfg = Debug|Any CPU
		{A96D32FB-2040-4367-8861-865FBC30CB02}.Debug|Any CPU.Build.0 = Debug|Any CPU
		{A96D32FB-2040-4367-8861-865FBC30CB02}.Release|Any CPU.ActiveCfg = Release|Any CPU
		{A96D32FB-2040-4367-8861-865FBC30CB02}.Release|Any CPU.Build.0 = Release|Any CPU
		{C5923FD5-09C6-4526-8EAE-93F82ACA5287}.Debug|Any CPU.ActiveCfg = Debug|Any CPU
		{C5923FD5-09C6-4526-8EAE-93F82ACA5287}.Debug|Any CPU.Build.0 = Debug|Any CPU
		{C5923FD5-09C6-4526-8EAE-93F82ACA5287}.Release|Any CPU.ActiveCfg = Release|Any CPU
		{C5923FD5-09C6-4526-8EAE-93F82ACA5287}.Release|Any CPU.Build.0 = Release|Any CPU
		{4A8AAA95-A304-4847-9C78-D9B5BF13127B}.Debug|Any CPU.ActiveCfg = Debug|Any CPU
		{4A8AAA95-A304-4847-9C78-D9B5BF13127B}.Debug|Any CPU.Build.0 = Debug|Any CPU
		{4A8AAA95-A304-4847-9C78-D9B5BF13127B}.Release|Any CPU.ActiveCfg = Release|Any CPU
		{4A8AAA95-A304-4847-9C78-D9B5BF13127B}.Release|Any CPU.Build.0 = Release|Any CPU
		{D250027C-8D8F-4DE5-A961-E6AFEE52DFDD}.Debug|Any CPU.ActiveCfg = Debug|Any CPU
		{D250027C-8D8F-4DE5-A961-E6AFEE52DFDD}.Debug|Any CPU.Build.0 = Debug|Any CPU
		{D250027C-8D8F-4DE5-A961-E6AFEE52DFDD}.Release|Any CPU.ActiveCfg = Release|Any CPU
		{D250027C-8D8F-4DE5-A961-E6AFEE52DFDD}.Release|Any CPU.Build.0 = Release|Any CPU
		{4B05A58A-F336-43BE-A145-2CC88F92AF82}.Debug|Any CPU.ActiveCfg = Debug|Any CPU
		{4B05A58A-F336-43BE-A145-2CC88F92AF82}.Debug|Any CPU.Build.0 = Debug|Any CPU
		{4B05A58A-F336-43BE-A145-2CC88F92AF82}.Release|Any CPU.ActiveCfg = Release|Any CPU
		{4B05A58A-F336-43BE-A145-2CC88F92AF82}.Release|Any CPU.Build.0 = Release|Any CPU
		{13642D7B-E273-4A86-8FBE-4F8292292FA3}.Debug|Any CPU.ActiveCfg = Debug|Any CPU
		{13642D7B-E273-4A86-8FBE-4F8292292FA3}.Debug|Any CPU.Build.0 = Debug|Any CPU
		{13642D7B-E273-4A86-8FBE-4F8292292FA3}.Release|Any CPU.ActiveCfg = Release|Any CPU
		{13642D7B-E273-4A86-8FBE-4F8292292FA3}.Release|Any CPU.Build.0 = Release|Any CPU
		{F8FA9164-4CD1-4C09-B04C-88BC3938A46B}.Debug|Any CPU.ActiveCfg = Debug|Any CPU
		{F8FA9164-4CD1-4C09-B04C-88BC3938A46B}.Debug|Any CPU.Build.0 = Debug|Any CPU
		{F8FA9164-4CD1-4C09-B04C-88BC3938A46B}.Release|Any CPU.ActiveCfg = Release|Any CPU
		{F8FA9164-4CD1-4C09-B04C-88BC3938A46B}.Release|Any CPU.Build.0 = Release|Any CPU
		{8CE0A334-EB7D-40FC-871E-44F46B9FE9AF}.Debug|Any CPU.ActiveCfg = Debug|Any CPU
		{8CE0A334-EB7D-40FC-871E-44F46B9FE9AF}.Debug|Any CPU.Build.0 = Debug|Any CPU
		{8CE0A334-EB7D-40FC-871E-44F46B9FE9AF}.Release|Any CPU.ActiveCfg = Release|Any CPU
		{8CE0A334-EB7D-40FC-871E-44F46B9FE9AF}.Release|Any CPU.Build.0 = Release|Any CPU
		{CB41CE66-9686-429A-9E9F-1552DD2A0DEA}.Debug|Any CPU.ActiveCfg = Debug|Any CPU
		{CB41CE66-9686-429A-9E9F-1552DD2A0DEA}.Debug|Any CPU.Build.0 = Debug|Any CPU
		{CB41CE66-9686-429A-9E9F-1552DD2A0DEA}.Release|Any CPU.ActiveCfg = Release|Any CPU
		{CB41CE66-9686-429A-9E9F-1552DD2A0DEA}.Release|Any CPU.Build.0 = Release|Any CPU
		{EF4718EE-669B-4104-8DD1-6EDDFC80BFC6}.Debug|Any CPU.ActiveCfg = Debug|Any CPU
		{EF4718EE-669B-4104-8DD1-6EDDFC80BFC6}.Debug|Any CPU.Build.0 = Debug|Any CPU
		{EF4718EE-669B-4104-8DD1-6EDDFC80BFC6}.Release|Any CPU.ActiveCfg = Release|Any CPU
		{EF4718EE-669B-4104-8DD1-6EDDFC80BFC6}.Release|Any CPU.Build.0 = Release|Any CPU
	EndGlobalSection
	GlobalSection(NestedProjects) = preSolution
		{B532E27C-F78F-417A-9247-AF5B5D0E409C} = {BD303699-F202-42F4-B61F-8D17F82567F4}
		{4B05A58A-F336-43BE-A145-2CC88F92AF82} = {B532E27C-F78F-417A-9247-AF5B5D0E409C}
		{D250027C-8D8F-4DE5-A961-E6AFEE52DFDD} = {B532E27C-F78F-417A-9247-AF5B5D0E409C}
		{F109B4A5-3CCF-4217-ABAE-C85DC9437B9A} = {BD303699-F202-42F4-B61F-8D17F82567F4}
		{13642D7B-E273-4A86-8FBE-4F8292292FA3} = {B532E27C-F78F-417A-9247-AF5B5D0E409C}
	EndGlobalSection
EndGlobal
